
Microsoft Visual Studio Solution File, Format Version 12.00
# Visual Studio 15
VisualStudioVersion = 15.0.28010.2041
MinimumVisualStudioVersion = 10.0.40219.1
Project("{FAE04EC0-301F-11D3-BF4B-00C04F79EFBC}") = "monovitez", "monovitez\monovitez.csproj", "{6E2DA725-3FC5-4133-81F8-60B74E40BF16}"
EndProject
Project("{9A19103F-16F7-4668-BE54-9A1E7A4F7556}") = "monovitez.Common", "monovitez.Common\monovitez.Common.csproj", "{71CEEBD5-491F-41C7-A5BE-0B14A083EEA4}"
EndProject
Project("{9A19103F-16F7-4668-BE54-9A1E7A4F7556}") = "monovitez.Model.Common", "monovitez.Model.Common\monovitez.Model.Common.csproj", "{5A365970-8BF6-43E6-984A-AF194A778B7E}"
EndProject
Project("{9A19103F-16F7-4668-BE54-9A1E7A4F7556}") = "monovitez.Model", "monovitez.Model\monovitez.Model.csproj", "{97085D26-7F62-4C64-A23D-119622E3ABE8}"
EndProject
Project("{9A19103F-16F7-4668-BE54-9A1E7A4F7556}") = "monovitez.Repository.Common", "monovitez.Repository.Common\monovitez.Repository.Common.csproj", "{DB51BD49-02C4-4306-95EC-9D5B985A6E64}"
EndProject
Project("{9A19103F-16F7-4668-BE54-9A1E7A4F7556}") = "monovitez.Repository", "monovitez.Repository\monovitez.Repository.csproj", "{3BB306FC-AC18-4C9B-9030-856A30DFA5C5}"
EndProject
Project("{9A19103F-16F7-4668-BE54-9A1E7A4F7556}") = "monovitez.RepositoryTests", "monovitez.RepositoryTests\monovitez.RepositoryTests.csproj", "{1C4C3D8D-53D4-4257-B4B7-8158204C779C}"
EndProject
Project("{9A19103F-16F7-4668-BE54-9A1E7A4F7556}") = "monovitez.Service.Common", "monovitez.Service.Common\monovitez.Service.Common.csproj", "{36794865-07DD-4CE8-94DF-4D4863CDBA72}"
EndProject
Project("{9A19103F-16F7-4668-BE54-9A1E7A4F7556}") = "monovitez.Service", "monovitez.Service\monovitez.Service.csproj", "{B4393B40-F325-4C1F-9EBA-DC7FCF8A691E}"
EndProject
Project("{9A19103F-16F7-4668-BE54-9A1E7A4F7556}") = "monovitez.Service.Tests", "monovitez.Service.Tests\monovitez.Service.Tests.csproj", "{92B3ABF3-0672-460E-81A2-E099F90656CD}"
EndProject
Project("{FAE04EC0-301F-11D3-BF4B-00C04F79EFBC}") = "WebAPI", "WebAPI\WebAPI.csproj", "{4F037B5F-E381-40D8-9491-110599B319DD}"
EndProject
Project("{9A19103F-16F7-4668-BE54-9A1E7A4F7556}") = "monovitez.DAL", "monovitez.DAL\monovitez.DAL.csproj", "{DFD699D0-14C5-4558-840A-42A113C753FE}"
EndProject
Project("{FAE04EC0-301F-11D3-BF4B-00C04F79EFBC}") = "monovitezEnt", "..\..\..\..\..\..\!!MonoVitez\lbl\DatabaseGeneric\monovitezEnt.csproj", "{2EB5B494-0D11-4642-9D43-74C4C44536C0}"
EndProject
Project("{FAE04EC0-301F-11D3-BF4B-00C04F79EFBC}") = "monovitezEntDBSpecific", "..\..\..\..\..\..\!!MonoVitez\lbl\DatabaseSpecific\monovitezEntDBSpecific.csproj", "{D51C22E4-2180-4447-8B17-56A99C335C7E}"
EndProject
Global
	GlobalSection(SolutionConfigurationPlatforms) = preSolution
		Debug|Any CPU = Debug|Any CPU
		Release|Any CPU = Release|Any CPU
	EndGlobalSection
	GlobalSection(ProjectConfigurationPlatforms) = postSolution
		{6E2DA725-3FC5-4133-81F8-60B74E40BF16}.Debug|Any CPU.ActiveCfg = Debug|Any CPU
		{6E2DA725-3FC5-4133-81F8-60B74E40BF16}.Debug|Any CPU.Build.0 = Debug|Any CPU
		{6E2DA725-3FC5-4133-81F8-60B74E40BF16}.Release|Any CPU.ActiveCfg = Release|Any CPU
		{6E2DA725-3FC5-4133-81F8-60B74E40BF16}.Release|Any CPU.Build.0 = Release|Any CPU
		{71CEEBD5-491F-41C7-A5BE-0B14A083EEA4}.Debug|Any CPU.ActiveCfg = Debug|Any CPU
		{71CEEBD5-491F-41C7-A5BE-0B14A083EEA4}.Debug|Any CPU.Build.0 = Debug|Any CPU
		{71CEEBD5-491F-41C7-A5BE-0B14A083EEA4}.Release|Any CPU.ActiveCfg = Release|Any CPU
		{71CEEBD5-491F-41C7-A5BE-0B14A083EEA4}.Release|Any CPU.Build.0 = Release|Any CPU
		{5A365970-8BF6-43E6-984A-AF194A778B7E}.Debug|Any CPU.ActiveCfg = Debug|Any CPU
		{5A365970-8BF6-43E6-984A-AF194A778B7E}.Debug|Any CPU.Build.0 = Debug|Any CPU
		{5A365970-8BF6-43E6-984A-AF194A778B7E}.Release|Any CPU.ActiveCfg = Release|Any CPU
		{5A365970-8BF6-43E6-984A-AF194A778B7E}.Release|Any CPU.Build.0 = Release|Any CPU
		{97085D26-7F62-4C64-A23D-119622E3ABE8}.Debug|Any CPU.ActiveCfg = Debug|Any CPU
		{97085D26-7F62-4C64-A23D-119622E3ABE8}.Debug|Any CPU.Build.0 = Debug|Any CPU
		{97085D26-7F62-4C64-A23D-119622E3ABE8}.Release|Any CPU.ActiveCfg = Release|Any CPU
		{97085D26-7F62-4C64-A23D-119622E3ABE8}.Release|Any CPU.Build.0 = Release|Any CPU
		{DB51BD49-02C4-4306-95EC-9D5B985A6E64}.Debug|Any CPU.ActiveCfg = Debug|Any CPU
		{DB51BD49-02C4-4306-95EC-9D5B985A6E64}.Debug|Any CPU.Build.0 = Debug|Any CPU
		{DB51BD49-02C4-4306-95EC-9D5B985A6E64}.Release|Any CPU.ActiveCfg = Release|Any CPU
		{DB51BD49-02C4-4306-95EC-9D5B985A6E64}.Release|Any CPU.Build.0 = Release|Any CPU
		{3BB306FC-AC18-4C9B-9030-856A30DFA5C5}.Debug|Any CPU.ActiveCfg = Debug|Any CPU
		{3BB306FC-AC18-4C9B-9030-856A30DFA5C5}.Debug|Any CPU.Build.0 = Debug|Any CPU
		{3BB306FC-AC18-4C9B-9030-856A30DFA5C5}.Release|Any CPU.ActiveCfg = Release|Any CPU
		{3BB306FC-AC18-4C9B-9030-856A30DFA5C5}.Release|Any CPU.Build.0 = Release|Any CPU
		{1C4C3D8D-53D4-4257-B4B7-8158204C779C}.Debug|Any CPU.ActiveCfg = Debug|Any CPU
		{1C4C3D8D-53D4-4257-B4B7-8158204C779C}.Debug|Any CPU.Build.0 = Debug|Any CPU
		{1C4C3D8D-53D4-4257-B4B7-8158204C779C}.Release|Any CPU.ActiveCfg = Release|Any CPU
		{1C4C3D8D-53D4-4257-B4B7-8158204C779C}.Release|Any CPU.Build.0 = Release|Any CPU
		{36794865-07DD-4CE8-94DF-4D4863CDBA72}.Debug|Any CPU.ActiveCfg = Debug|Any CPU
		{36794865-07DD-4CE8-94DF-4D4863CDBA72}.Debug|Any CPU.Build.0 = Debug|Any CPU
		{36794865-07DD-4CE8-94DF-4D4863CDBA72}.Release|Any CPU.ActiveCfg = Release|Any CPU
		{36794865-07DD-4CE8-94DF-4D4863CDBA72}.Release|Any CPU.Build.0 = Release|Any CPU
		{B4393B40-F325-4C1F-9EBA-DC7FCF8A691E}.Debug|Any CPU.ActiveCfg = Debug|Any CPU
		{B4393B40-F325-4C1F-9EBA-DC7FCF8A691E}.Debug|Any CPU.Build.0 = Debug|Any CPU
		{B4393B40-F325-4C1F-9EBA-DC7FCF8A691E}.Release|Any CPU.ActiveCfg = Release|Any CPU
		{B4393B40-F325-4C1F-9EBA-DC7FCF8A691E}.Release|Any CPU.Build.0 = Release|Any CPU
		{92B3ABF3-0672-460E-81A2-E099F90656CD}.Debug|Any CPU.ActiveCfg = Debug|Any CPU
		{92B3ABF3-0672-460E-81A2-E099F90656CD}.Debug|Any CPU.Build.0 = Debug|Any CPU
		{92B3ABF3-0672-460E-81A2-E099F90656CD}.Release|Any CPU.ActiveCfg = Release|Any CPU
		{92B3ABF3-0672-460E-81A2-E099F90656CD}.Release|Any CPU.Build.0 = Release|Any CPU
		{4F037B5F-E381-40D8-9491-110599B319DD}.Debug|Any CPU.ActiveCfg = Debug|Any CPU
		{4F037B5F-E381-40D8-9491-110599B319DD}.Debug|Any CPU.Build.0 = Debug|Any CPU
		{4F037B5F-E381-40D8-9491-110599B319DD}.Release|Any CPU.ActiveCfg = Release|Any CPU
		{4F037B5F-E381-40D8-9491-110599B319DD}.Release|Any CPU.Build.0 = Release|Any CPU
		{DFD699D0-14C5-4558-840A-42A113C753FE}.Debug|Any CPU.ActiveCfg = Debug|Any CPU
		{DFD699D0-14C5-4558-840A-42A113C753FE}.Debug|Any CPU.Build.0 = Debug|Any CPU
		{DFD699D0-14C5-4558-840A-42A113C753FE}.Release|Any CPU.ActiveCfg = Release|Any CPU
		{DFD699D0-14C5-4558-840A-42A113C753FE}.Release|Any CPU.Build.0 = Release|Any CPU
		{2EB5B494-0D11-4642-9D43-74C4C44536C0}.Debug|Any CPU.ActiveCfg = Debug|Any CPU
		{2EB5B494-0D11-4642-9D43-74C4C44536C0}.Debug|Any CPU.Build.0 = Debug|Any CPU
		{2EB5B494-0D11-4642-9D43-74C4C44536C0}.Release|Any CPU.ActiveCfg = Release|Any CPU
		{2EB5B494-0D11-4642-9D43-74C4C44536C0}.Release|Any CPU.Build.0 = Release|Any CPU
		{D51C22E4-2180-4447-8B17-56A99C335C7E}.Debug|Any CPU.ActiveCfg = Debug|Any CPU
		{D51C22E4-2180-4447-8B17-56A99C335C7E}.Debug|Any CPU.Build.0 = Debug|Any CPU
		{D51C22E4-2180-4447-8B17-56A99C335C7E}.Release|Any CPU.ActiveCfg = Release|Any CPU
		{D51C22E4-2180-4447-8B17-56A99C335C7E}.Release|Any CPU.Build.0 = Release|Any CPU
	EndGlobalSection
	GlobalSection(SolutionProperties) = preSolution
		HideSolutionNode = FALSE
	EndGlobalSection
	GlobalSection(ExtensibilityGlobals) = postSolution
		SolutionGuid = {D113F156-3C85-4D22-8D7E-EAA82CEDE510}
	EndGlobalSection
EndGlobal
